// !$*UTF8*$!
{
	archiveVersion = 1;
	classes = {
	};
	objectVersion = 46;
	objects = {

/* Begin PBXBuildFile section */
		F49489C61C8D9559002C3906 /* libopencv_calib3d.a in Frameworks */ = {isa = PBXBuildFile; fileRef = F49489B51C8D9559002C3906 /* libopencv_calib3d.a */; };
		F49489C71C8D9559002C3906 /* libopencv_core.a in Frameworks */ = {isa = PBXBuildFile; fileRef = F49489B61C8D9559002C3906 /* libopencv_core.a */; };
		F49489C81C8D9559002C3906 /* libopencv_features2d.a in Frameworks */ = {isa = PBXBuildFile; fileRef = F49489B71C8D9559002C3906 /* libopencv_features2d.a */; };
		F49489C91C8D9559002C3906 /* libopencv_flann.a in Frameworks */ = {isa = PBXBuildFile; fileRef = F49489B81C8D9559002C3906 /* libopencv_flann.a */; };
		F49489CA1C8D9559002C3906 /* libopencv_highgui.a in Frameworks */ = {isa = PBXBuildFile; fileRef = F49489B91C8D9559002C3906 /* libopencv_highgui.a */; };
		F49489CB1C8D9559002C3906 /* libopencv_imgcodecs.a in Frameworks */ = {isa = PBXBuildFile; fileRef = F49489BA1C8D9559002C3906 /* libopencv_imgcodecs.a */; };
		F49489CC1C8D9559002C3906 /* libopencv_imgproc.a in Frameworks */ = {isa = PBXBuildFile; fileRef = F49489BB1C8D9559002C3906 /* libopencv_imgproc.a */; };
		F49489CD1C8D9559002C3906 /* libopencv_ml.a in Frameworks */ = {isa = PBXBuildFile; fileRef = F49489BC1C8D9559002C3906 /* libopencv_ml.a */; };
		F49489CE1C8D9559002C3906 /* libopencv_objdetect.a in Frameworks */ = {isa = PBXBuildFile; fileRef = F49489BD1C8D9559002C3906 /* libopencv_objdetect.a */; };
		F49489CF1C8D9559002C3906 /* libopencv_photo.a in Frameworks */ = {isa = PBXBuildFile; fileRef = F49489BE1C8D9559002C3906 /* libopencv_photo.a */; };
		F49489D01C8D9559002C3906 /* libopencv_shape.a in Frameworks */ = {isa = PBXBuildFile; fileRef = F49489BF1C8D9559002C3906 /* libopencv_shape.a */; };
		F49489D11C8D9559002C3906 /* libopencv_stitching.a in Frameworks */ = {isa = PBXBuildFile; fileRef = F49489C01C8D9559002C3906 /* libopencv_stitching.a */; };
		F49489D21C8D9559002C3906 /* libopencv_superres.a in Frameworks */ = {isa = PBXBuildFile; fileRef = F49489C11C8D9559002C3906 /* libopencv_superres.a */; };
		F49489D31C8D9559002C3906 /* libopencv_ts.a in Frameworks */ = {isa = PBXBuildFile; fileRef = F49489C21C8D9559002C3906 /* libopencv_ts.a */; };
		F49489D41C8D9559002C3906 /* libopencv_video.a in Frameworks */ = {isa = PBXBuildFile; fileRef = F49489C31C8D9559002C3906 /* libopencv_video.a */; };
		F49489D51C8D9559002C3906 /* libopencv_videoio.a in Frameworks */ = {isa = PBXBuildFile; fileRef = F49489C41C8D9559002C3906 /* libopencv_videoio.a */; settings = {ATTRIBUTES = (Required, ); }; };
		F49489D61C8D9559002C3906 /* libopencv_videostab.a in Frameworks */ = {isa = PBXBuildFile; fileRef = F49489C51C8D9559002C3906 /* libopencv_videostab.a */; };
		F4E8F7AE1C7E7F5400E1147C /* main.cpp in Sources */ = {isa = PBXBuildFile; fileRef = F4E8F7AD1C7E7F5400E1147C /* main.cpp */; };
/* End PBXBuildFile section */

/* Begin PBXCopyFilesBuildPhase section */
		F4E8F7A81C7E7F5400E1147C /* CopyFiles */ = {
			isa = PBXCopyFilesBuildPhase;
			buildActionMask = 2147483647;
			dstPath = /usr/share/man/man1/;
			dstSubfolderSpec = 0;
			files = (
			);
			runOnlyForDeploymentPostprocessing = 1;
		};
/* End PBXCopyFilesBuildPhase section */

/* Begin PBXFileReference section */
		F4225C361CE537B400747D8E /* IMG_0009.JPG */ = {isa = PBXFileReference; lastKnownFileType = image.jpeg; path = IMG_0009.JPG; sourceTree = "<group>"; };
		F4225C371CE537B400747D8E /* IMG_0010.JPG */ = {isa = PBXFileReference; lastKnownFileType = image.jpeg; path = IMG_0010.JPG; sourceTree = "<group>"; };
		F4225C381CE537B400747D8E /* IMG_0011.JPG */ = {isa = PBXFileReference; lastKnownFileType = image.jpeg; path = IMG_0011.JPG; sourceTree = "<group>"; };
		F4225C391CE537B400747D8E /* IMG_0012.JPG */ = {isa = PBXFileReference; lastKnownFileType = image.jpeg; path = IMG_0012.JPG; sourceTree = "<group>"; };
		F4225C3A1CE537B400747D8E /* IMG_0013.JPG */ = {isa = PBXFileReference; lastKnownFileType = image.jpeg; path = IMG_0013.JPG; sourceTree = "<group>"; };
		F4225C3B1CE537B400747D8E /* IMG_0014.JPG */ = {isa = PBXFileReference; lastKnownFileType = image.jpeg; path = IMG_0014.JPG; sourceTree = "<group>"; };
		F49489B51C8D9559002C3906 /* libopencv_calib3d.a */ = {isa = PBXFileReference; lastKnownFileType = archive.ar; name = libopencv_calib3d.a; path = /usr/local/lib/libopencv_calib3d.a; sourceTree = "<absolute>"; };
		F49489B61C8D9559002C3906 /* libopencv_core.a */ = {isa = PBXFileReference; lastKnownFileType = archive.ar; name = libopencv_core.a; path = /usr/local/lib/libopencv_core.a; sourceTree = "<absolute>"; };
		F49489B71C8D9559002C3906 /* libopencv_features2d.a */ = {isa = PBXFileReference; lastKnownFileType = archive.ar; name = libopencv_features2d.a; path = /usr/local/lib/libopencv_features2d.a; sourceTree = "<absolute>"; };
		F49489B81C8D9559002C3906 /* libopencv_flann.a */ = {isa = PBXFileReference; lastKnownFileType = archive.ar; name = libopencv_flann.a; path = /usr/local/lib/libopencv_flann.a; sourceTree = "<absolute>"; };
		F49489B91C8D9559002C3906 /* libopencv_highgui.a */ = {isa = PBXFileReference; lastKnownFileType = archive.ar; name = libopencv_highgui.a; path = /usr/local/lib/libopencv_highgui.a; sourceTree = "<absolute>"; };
		F49489BA1C8D9559002C3906 /* libopencv_imgcodecs.a */ = {isa = PBXFileReference; lastKnownFileType = archive.ar; name = libopencv_imgcodecs.a; path = /usr/local/lib/libopencv_imgcodecs.a; sourceTree = "<absolute>"; };
		F49489BB1C8D9559002C3906 /* libopencv_imgproc.a */ = {isa = PBXFileReference; lastKnownFileType = archive.ar; name = libopencv_imgproc.a; path = /usr/local/lib/libopencv_imgproc.a; sourceTree = "<absolute>"; };
		F49489BC1C8D9559002C3906 /* libopencv_ml.a */ = {isa = PBXFileReference; lastKnownFileType = archive.ar; name = libopencv_ml.a; path = /usr/local/lib/libopencv_ml.a; sourceTree = "<absolute>"; };
		F49489BD1C8D9559002C3906 /* libopencv_objdetect.a */ = {isa = PBXFileReference; lastKnownFileType = archive.ar; name = libopencv_objdetect.a; path = /usr/local/lib/libopencv_objdetect.a; sourceTree = "<absolute>"; };
		F49489BE1C8D9559002C3906 /* libopencv_photo.a */ = {isa = PBXFileReference; lastKnownFileType = archive.ar; name = libopencv_photo.a; path = /usr/local/lib/libopencv_photo.a; sourceTree = "<absolute>"; };
		F49489BF1C8D9559002C3906 /* libopencv_shape.a */ = {isa = PBXFileReference; lastKnownFileType = archive.ar; name = libopencv_shape.a; path = /usr/local/lib/libopencv_shape.a; sourceTree = "<absolute>"; };
		F49489C01C8D9559002C3906 /* libopencv_stitching.a */ = {isa = PBXFileReference; lastKnownFileType = archive.ar; name = libopencv_stitching.a; path = /usr/local/lib/libopencv_stitching.a; sourceTree = "<absolute>"; };
		F49489C11C8D9559002C3906 /* libopencv_superres.a */ = {isa = PBXFileReference; lastKnownFileType = archive.ar; name = libopencv_superres.a; path = /usr/local/lib/libopencv_superres.a; sourceTree = "<absolute>"; };
		F49489C21C8D9559002C3906 /* libopencv_ts.a */ = {isa = PBXFileReference; lastKnownFileType = archive.ar; name = libopencv_ts.a; path = /usr/local/lib/libopencv_ts.a; sourceTree = "<absolute>"; };
		F49489C31C8D9559002C3906 /* libopencv_video.a */ = {isa = PBXFileReference; lastKnownFileType = archive.ar; name = libopencv_video.a; path = /usr/local/lib/libopencv_video.a; sourceTree = "<absolute>"; };
		F49489C41C8D9559002C3906 /* libopencv_videoio.a */ = {isa = PBXFileReference; lastKnownFileType = archive.ar; name = libopencv_videoio.a; path = /usr/local/lib/libopencv_videoio.a; sourceTree = "<absolute>"; };
		F49489C51C8D9559002C3906 /* libopencv_videostab.a */ = {isa = PBXFileReference; lastKnownFileType = archive.ar; name = libopencv_videostab.a; path = /usr/local/lib/libopencv_videostab.a; sourceTree = "<absolute>"; };
		F4E8F7AA1C7E7F5400E1147C /* CV */ = {isa = PBXFileReference; explicitFileType = "compiled.mach-o.executable"; includeInIndex = 0; path = CV; sourceTree = BUILT_PRODUCTS_DIR; };
		F4E8F7AD1C7E7F5400E1147C /* main.cpp */ = {isa = PBXFileReference; lastKnownFileType = sourcecode.cpp.cpp; path = main.cpp; sourceTree = "<group>"; };
/* End PBXFileReference section */

/* Begin PBXFrameworksBuildPhase section */
		F4E8F7A71C7E7F5400E1147C /* Frameworks */ = {
			isa = PBXFrameworksBuildPhase;
			buildActionMask = 2147483647;
			files = (
				F49489C61C8D9559002C3906 /* libopencv_calib3d.a in Frameworks */,
				F49489C71C8D9559002C3906 /* libopencv_core.a in Frameworks */,
				F49489C81C8D9559002C3906 /* libopencv_features2d.a in Frameworks */,
				F49489C91C8D9559002C3906 /* libopencv_flann.a in Frameworks */,
				F49489CA1C8D9559002C3906 /* libopencv_highgui.a in Frameworks */,
				F49489CB1C8D9559002C3906 /* libopencv_imgcodecs.a in Frameworks */,
				F49489CC1C8D9559002C3906 /* libopencv_imgproc.a in Frameworks */,
				F49489CD1C8D9559002C3906 /* libopencv_ml.a in Frameworks */,
				F49489CE1C8D9559002C3906 /* libopencv_objdetect.a in Frameworks */,
				F49489CF1C8D9559002C3906 /* libopencv_photo.a in Frameworks */,
				F49489D01C8D9559002C3906 /* libopencv_shape.a in Frameworks */,
				F49489D11C8D9559002C3906 /* libopencv_stitching.a in Frameworks */,
				F49489D21C8D9559002C3906 /* libopencv_superres.a in Frameworks */,
				F49489D31C8D9559002C3906 /* libopencv_ts.a in Frameworks */,
				F49489D41C8D9559002C3906 /* libopencv_video.a in Frameworks */,
				F49489D51C8D9559002C3906 /* libopencv_videoio.a in Frameworks */,
				F49489D61C8D9559002C3906 /* libopencv_videostab.a in Frameworks */,
			);
			runOnlyForDeploymentPostprocessing = 0;
		};
/* End PBXFrameworksBuildPhase section */

/* Begin PBXGroup section */
		F4225C341CE537B400747D8E /* Images */ = {
			isa = PBXGroup;
			children = (
				F4225C361CE537B400747D8E /* IMG_0009.JPG */,
				F4225C371CE537B400747D8E /* IMG_0010.JPG */,
				F4225C381CE537B400747D8E /* IMG_0011.JPG */,
				F4225C391CE537B400747D8E /* IMG_0012.JPG */,
				F4225C3A1CE537B400747D8E /* IMG_0013.JPG */,
				F4225C3B1CE537B400747D8E /* IMG_0014.JPG */,
			);
			path = Images;
			sourceTree = "<group>";
		};
		F49489D71C8D960A002C3906 /* Libs */ = {
			isa = PBXGroup;
			children = (
				F49489B51C8D9559002C3906 /* libopencv_calib3d.a */,
				F49489B61C8D9559002C3906 /* libopencv_core.a */,
				F49489B71C8D9559002C3906 /* libopencv_features2d.a */,
				F49489B81C8D9559002C3906 /* libopencv_flann.a */,
				F49489B91C8D9559002C3906 /* libopencv_highgui.a */,
				F49489BA1C8D9559002C3906 /* libopencv_imgcodecs.a */,
				F49489BB1C8D9559002C3906 /* libopencv_imgproc.a */,
				F49489BC1C8D9559002C3906 /* libopencv_ml.a */,
				F49489BD1C8D9559002C3906 /* libopencv_objdetect.a */,
				F49489BE1C8D9559002C3906 /* libopencv_photo.a */,
				F49489BF1C8D9559002C3906 /* libopencv_shape.a */,
				F49489C01C8D9559002C3906 /* libopencv_stitching.a */,
				F49489C11C8D9559002C3906 /* libopencv_superres.a */,
				F49489C21C8D9559002C3906 /* libopencv_ts.a */,
				F49489C31C8D9559002C3906 /* libopencv_video.a */,
				F49489C41C8D9559002C3906 /* libopencv_videoio.a */,
				F49489C51C8D9559002C3906 /* libopencv_videostab.a */,
			);
			name = Libs;
			sourceTree = "<group>";
		};
		F4E8F7A11C7E7F5400E1147C = {
			isa = PBXGroup;
			children = (
				F4E8F7AC1C7E7F5400E1147C /* CV */,
				F4E8F7AB1C7E7F5400E1147C /* Products */,
				F49489D71C8D960A002C3906 /* Libs */,
			);
			sourceTree = "<group>";
		};
		F4E8F7AB1C7E7F5400E1147C /* Products */ = {
			isa = PBXGroup;
			children = (
				F4E8F7AA1C7E7F5400E1147C /* CV */,
			);
			name = Products;
			sourceTree = "<group>";
		};
		F4E8F7AC1C7E7F5400E1147C /* CV */ = {
			isa = PBXGroup;
			children = (
				F4E8F7AD1C7E7F5400E1147C /* main.cpp */,
				F4225C341CE537B400747D8E /* Images */,
			);
			path = CV;
			sourceTree = "<group>";
		};
/* End PBXGroup section */

/* Begin PBXNativeTarget section */
		F4E8F7A91C7E7F5400E1147C /* CV */ = {
			isa = PBXNativeTarget;
			buildConfigurationList = F4E8F7B11C7E7F5400E1147C /* Build configuration list for PBXNativeTarget "CV" */;
			buildPhases = (
				F4E8F7A61C7E7F5400E1147C /* Sources */,
				F4E8F7A71C7E7F5400E1147C /* Frameworks */,
				F4E8F7A81C7E7F5400E1147C /* CopyFiles */,
			);
			buildRules = (
			);
			dependencies = (
			);
			name = CV;
			productName = CV;
			productReference = F4E8F7AA1C7E7F5400E1147C /* CV */;
			productType = "com.apple.product-type.tool";
		};
/* End PBXNativeTarget section */

/* Begin PBXProject section */
		F4E8F7A21C7E7F5400E1147C /* Project object */ = {
			isa = PBXProject;
			attributes = {
				LastUpgradeCheck = 0720;
				ORGANIZATIONNAME = "Simon Crequer";
				TargetAttributes = {
					F4E8F7A91C7E7F5400E1147C = {
						CreatedOnToolsVersion = 7.2.1;
					};
				};
			};
			buildConfigurationList = F4E8F7A51C7E7F5400E1147C /* Build configuration list for PBXProject "CV" */;
			compatibilityVersion = "Xcode 3.2";
			developmentRegion = English;
			hasScannedForEncodings = 0;
			knownRegions = (
				en,
			);
			mainGroup = F4E8F7A11C7E7F5400E1147C;
			productRefGroup = F4E8F7AB1C7E7F5400E1147C /* Products */;
			projectDirPath = "";
			projectRoot = "";
			targets = (
				F4E8F7A91C7E7F5400E1147C /* CV */,
			);
		};
/* End PBXProject section */

/* Begin PBXSourcesBuildPhase section */
		F4E8F7A61C7E7F5400E1147C /* Sources */ = {
			isa = PBXSourcesBuildPhase;
			buildActionMask = 2147483647;
			files = (
				F4E8F7AE1C7E7F5400E1147C /* main.cpp in Sources */,
			);
			runOnlyForDeploymentPostprocessing = 0;
		};
/* End PBXSourcesBuildPhase section */

/* Begin XCBuildConfiguration section */
		F4E8F7AF1C7E7F5400E1147C /* Debug */ = {
			isa = XCBuildConfiguration;
			buildSettings = {
				ALWAYS_SEARCH_USER_PATHS = YES;
				CLANG_CXX_LANGUAGE_STANDARD = "gnu++0x";
				CLANG_CXX_LIBRARY = "libc++";
				CLANG_ENABLE_MODULES = YES;
				CLANG_ENABLE_OBJC_ARC = YES;
				CLANG_WARN_BOOL_CONVERSION = YES;
				CLANG_WARN_CONSTANT_CONVERSION = YES;
				CLANG_WARN_DIRECT_OBJC_ISA_USAGE = YES_ERROR;
				CLANG_WARN_EMPTY_BODY = YES;
				CLANG_WARN_ENUM_CONVERSION = YES;
				CLANG_WARN_INT_CONVERSION = YES;
				CLANG_WARN_OBJC_ROOT_CLASS = YES_ERROR;
				CLANG_WARN_UNREACHABLE_CODE = YES;
				CLANG_WARN__DUPLICATE_METHOD_MATCH = YES;
				CODE_SIGN_IDENTITY = "-";
				COPY_PHASE_STRIP = NO;
				DEBUG_INFORMATION_FORMAT = dwarf;
				ENABLE_STRICT_OBJC_MSGSEND = YES;
				ENABLE_TESTABILITY = YES;
				FRAMEWORK_SEARCH_PATHS = /usr/local/lib;
				GCC_C_LANGUAGE_STANDARD = gnu99;
				GCC_DYNAMIC_NO_PIC = NO;
				GCC_NO_COMMON_BLOCKS = YES;
				GCC_OPTIMIZATION_LEVEL = 0;
				GCC_PREPROCESSOR_DEFINITIONS = (
					"DEBUG=1",
					"$(inherited)",
				);
				GCC_WARN_64_TO_32_BIT_CONVERSION = YES;
				GCC_WARN_ABOUT_RETURN_TYPE = YES_ERROR;
				GCC_WARN_UNDECLARED_SELECTOR = YES;
				GCC_WARN_UNINITIALIZED_AUTOS = YES_AGGRESSIVE;
				GCC_WARN_UNUSED_FUNCTION = YES;
				GCC_WARN_UNUSED_VARIABLE = YES;
				HEADER_SEARCH_PATHS = /usr/local/include;
				LIBRARY_SEARCH_PATHS = "/Users/Simon/opencv-3.1.0/SharedLibs/lib";
				MACOSX_DEPLOYMENT_TARGET = 10.11;
				MTL_ENABLE_DEBUG_INFO = YES;
				ONLY_ACTIVE_ARCH = YES;
				SDKROOT = macosx;
			};
			name = Debug;
		};
		F4E8F7B01C7E7F5400E1147C /* Release */ = {
			isa = XCBuildConfiguration;
			buildSettings = {
				ALWAYS_SEARCH_USER_PATHS = YES;
				CLANG_CXX_LANGUAGE_STANDARD = "gnu++0x";
				CLANG_CXX_LIBRARY = "libc++";
				CLANG_ENABLE_MODULES = YES;
				CLANG_ENABLE_OBJC_ARC = YES;
				CLANG_WARN_BOOL_CONVERSION = YES;
				CLANG_WARN_CONSTANT_CONVERSION = YES;
				CLANG_WARN_DIRECT_OBJC_ISA_USAGE = YES_ERROR;
				CLANG_WARN_EMPTY_BODY = YES;
				CLANG_WARN_ENUM_CONVERSION = YES;
				CLANG_WARN_INT_CONVERSION = YES;
				CLANG_WARN_OBJC_ROOT_CLASS = YES_ERROR;
				CLANG_WARN_UNREACHABLE_CODE = YES;
				CLANG_WARN__DUPLICATE_METHOD_MATCH = YES;
				CODE_SIGN_IDENTITY = "-";
				COPY_PHASE_STRIP = NO;
				DEBUG_INFORMATION_FORMAT = "dwarf-with-dsym";
				ENABLE_NS_ASSERTIONS = NO;
				ENABLE_STRICT_OBJC_MSGSEND = YES;
				FRAMEWORK_SEARCH_PATHS = /usr/local/lib;
				GCC_C_LANGUAGE_STANDARD = gnu99;
				GCC_NO_COMMON_BLOCKS = YES;
				GCC_WARN_64_TO_32_BIT_CONVERSION = YES;
				GCC_WARN_ABOUT_RETURN_TYPE = YES_ERROR;
				GCC_WARN_UNDECLARED_SELECTOR = YES;
				GCC_WARN_UNINITIALIZED_AUTOS = YES_AGGRESSIVE;
				GCC_WARN_UNUSED_FUNCTION = YES;
				GCC_WARN_UNUSED_VARIABLE = YES;
				HEADER_SEARCH_PATHS = /usr/local/include;
				LIBRARY_SEARCH_PATHS = "/Users/Simon/opencv-3.1.0/SharedLibs/lib";
				MACOSX_DEPLOYMENT_TARGET = 10.11;
				MTL_ENABLE_DEBUG_INFO = NO;
				SDKROOT = macosx;
			};
			name = Release;
		};
		F4E8F7B21C7E7F5400E1147C /* Debug */ = {
			isa = XCBuildConfiguration;
			buildSettings = {
				PRODUCT_NAME = "$(TARGET_NAME)";
			};
			name = Debug;
		};
		F4E8F7B31C7E7F5400E1147C /* Release */ = {
			isa = XCBuildConfiguration;
			buildSettings = {
				PRODUCT_NAME = "$(TARGET_NAME)";
			};
			name = Release;
		};
/* End XCBuildConfiguration section */

/* Begin XCConfigurationList section */
		F4E8F7A51C7E7F5400E1147C /* Build configuration list for PBXProject "CV" */ = {
			isa = XCConfigurationList;
			buildConfigurations = (
				F4E8F7AF1C7E7F5400E1147C /* Debug */,
				F4E8F7B01C7E7F5400E1147C /* Release */,
			);
			defaultConfigurationIsVisible = 0;
			defaultConfigurationName = Release;
		};
		F4E8F7B11C7E7F5400E1147C /* Build configuration list for PBXNativeTarget "CV" */ = {
			isa = XCConfigurationList;
			buildConfigurations = (
				F4E8F7B21C7E7F5400E1147C /* Debug */,
				F4E8F7B31C7E7F5400E1147C /* Release */,
			);
			defaultConfigurationIsVisible = 0;
			defaultConfigurationName = Release;
		};
/* End XCConfigurationList section */
	};
	rootObject = F4E8F7A21C7E7F5400E1147C /* Project object */;
}
